
Microsoft Visual Studio Solution File, Format Version 12.00
# Visual Studio Version 17
VisualStudioVersion = 17.5.002.0
MinimumVisualStudioVersion = 10.0.40219.1
Project("{9A19103F-16F7-4668-BE54-9A1E7A4F7556}") = "Basix", "Basix.csproj", "{52B399BE-26B3-4581-B71A-61402EE4A2B3}"
EndProject
Global
	GlobalSection(SolutionConfigurationPlatforms) = preSolution
		Debug|Any CPU = Debug|Any CPU
		Release|Any CPU = Release|Any CPU
	EndGlobalSection
	GlobalSection(ProjectConfigurationPlatforms) = postSolution
		{52B399BE-26B3-4581-B71A-61402EE4A2B3}.Debug|Any CPU.ActiveCfg = Debug|Any CPU
		{52B399BE-26B3-4581-B71A-61402EE4A2B3}.Debug|Any CPU.Build.0 = Debug|Any CPU
		{52B399BE-26B3-4581-B71A-61402EE4A2B3}.Release|Any CPU.ActiveCfg = Release|Any CPU
		{52B399BE-26B3-4581-B71A-61402EE4A2B3}.Release|Any CPU.Build.0 = Release|Any CPU
	EndGlobalSection
	GlobalSection(SolutionProperties) = preSolution
		HideSolutionNode = FALSE
	EndGlobalSection
	GlobalSection(ExtensibilityGlobals) = postSolution
		SolutionGuid = {1FCBF8CE-BD47-45BF-956A-6B5C47ABDBE4}
	EndGlobalSection
EndGlobal
