
Microsoft Visual Studio Solution File, Format Version 12.00
# Visual Studio Version 17
VisualStudioVersion = 17.5.002.0
MinimumVisualStudioVersion = 10.0.40219.1
Project("{9A19103F-16F7-4668-BE54-9A1E7A4F7556}") = "BlogApp", "BlogApp.csproj", "{ECBBB544-3DD5-4D49-A4EE-9916C34EB99D}"
EndProject
Global
	GlobalSection(SolutionConfigurationPlatforms) = preSolution
		Debug|Any CPU = Debug|Any CPU
		Release|Any CPU = Release|Any CPU
	EndGlobalSection
	GlobalSection(ProjectConfigurationPlatforms) = postSolution
		{ECBBB544-3DD5-4D49-A4EE-9916C34EB99D}.Debug|Any CPU.ActiveCfg = Debug|Any CPU
		{ECBBB544-3DD5-4D49-A4EE-9916C34EB99D}.Debug|Any CPU.Build.0 = Debug|Any CPU
		{ECBBB544-3DD5-4D49-A4EE-9916C34EB99D}.Release|Any CPU.ActiveCfg = Release|Any CPU
		{ECBBB544-3DD5-4D49-A4EE-9916C34EB99D}.Release|Any CPU.Build.0 = Release|Any CPU
	EndGlobalSection
	GlobalSection(SolutionProperties) = preSolution
		HideSolutionNode = FALSE
	EndGlobalSection
	GlobalSection(ExtensibilityGlobals) = postSolution
		SolutionGuid = {B13A633F-BE6F-4870-A7FF-9E943306BD8F}
	EndGlobalSection
EndGlobal
